
Microsoft Visual Studio Solution File, Format Version 12.00
# Visual Studio Version 16
VisualStudioVersion = 16.0.31624.102
MinimumVisualStudioVersion = 10.0.40219.1
Project("{FAE04EC0-301F-11D3-BF4B-00C04F79EFBC}") = "Pratice10Task2day", "Pratice10Task2day\Pratice10Task2day.csproj", "{318C64CE-BFEF-45D6-A2AF-1D705C362D52}"
EndProject
Global
	GlobalSection(SolutionConfigurationPlatforms) = preSolution
		Debug|Any CPU = Debug|Any CPU
		Release|Any CPU = Release|Any CPU
	EndGlobalSection
	GlobalSection(ProjectConfigurationPlatforms) = postSolution
		{318C64CE-BFEF-45D6-A2AF-1D705C362D52}.Debug|Any CPU.ActiveCfg = Debug|Any CPU
		{318C64CE-BFEF-45D6-A2AF-1D705C362D52}.Debug|Any CPU.Build.0 = Debug|Any CPU
		{318C64CE-BFEF-45D6-A2AF-1D705C362D52}.Release|Any CPU.ActiveCfg = Release|Any CPU
		{318C64CE-BFEF-45D6-A2AF-1D705C362D52}.Release|Any CPU.Build.0 = Release|Any CPU
	EndGlobalSection
	GlobalSection(SolutionProperties) = preSolution
		HideSolutionNode = FALSE
	EndGlobalSection
	GlobalSection(ExtensibilityGlobals) = postSolution
		SolutionGuid = {6BDC0FBD-A042-4BC7-8CA9-815FEEE72B98}
	EndGlobalSection
EndGlobal
